// !$*UTF8*$!
{
	archiveVersion = 1;
	classes = {
	};
	objectVersion = 77;
	objects = {

/* Begin PBXBuildFile section */
		436B8ACB2EA0E259007E6706 /* Secrets.xcconfig in Resources */ = {isa = PBXBuildFile; fileRef = 436B8ACA2EA0E259007E6706 /* Secrets.xcconfig */; };
		436C9AE62EF16B3800F8F366 /* FirebaseCore in Frameworks */ = {isa = PBXBuildFile; productRef = 436C9AE52EF16B3800F8F366 /* FirebaseCore */; };
		436C9AE82EF16B3800F8F366 /* FirebaseDatabase in Frameworks */ = {isa = PBXBuildFile; productRef = 436C9AE72EF16B3800F8F366 /* FirebaseDatabase */; };
		436C9AEA2EF16B3800F8F366 /* FirebaseStorage in Frameworks */ = {isa = PBXBuildFile; productRef = 436C9AE92EF16B3800F8F366 /* FirebaseStorage */; };
		43A803702EF429BC0052958B /* FirebaseAuth in Frameworks */ = {isa = PBXBuildFile; productRef = 43A8036F2EF429BC0052958B /* FirebaseAuth */; };
		43B13ECB2EBDEC4F00949F4A /* SoundCloud in Frameworks */ = {isa = PBXBuildFile; productRef = 43B13ECA2EBDEC4F00949F4A /* SoundCloud */; };
		43B13EFD2EC3798700949F4A /* FirebaseAI in Frameworks */ = {isa = PBXBuildFile; productRef = 43B13EFC2EC3798700949F4A /* FirebaseAI */; };
		43B13EFF2EC3798700949F4A /* FirebaseAILogic in Frameworks */ = {isa = PBXBuildFile; productRef = 43B13EFE2EC3798700949F4A /* FirebaseAILogic */; };
		43B13F012EC3798700949F4A /* FirebaseAnalytics in Frameworks */ = {isa = PBXBuildFile; productRef = 43B13F002EC3798700949F4A /* FirebaseAnalytics */; };
		43B13F032EC3798700949F4A /* FirebaseAnalyticsCore in Frameworks */ = {isa = PBXBuildFile; productRef = 43B13F022EC3798700949F4A /* FirebaseAnalyticsCore */; };
		43B13F052EC3798700949F4A /* FirebaseAnalyticsIdentitySupport in Frameworks */ = {isa = PBXBuildFile; productRef = 43B13F042EC3798700949F4A /* FirebaseAnalyticsIdentitySupport */; };
		43E489E22EF0035E003EECEB /* AudioStreaming in Frameworks */ = {isa = PBXBuildFile; productRef = 43E489E12EF0035E003EECEB /* AudioStreaming */; };
/* End PBXBuildFile section */

/* Begin PBXContainerItemProxy section */
		434A85A72D535F29000C4AB5 /* PBXContainerItemProxy */ = {
			isa = PBXContainerItemProxy;
			containerPortal = 434A858E2D535F27000C4AB5 /* Project object */;
			proxyType = 1;
			remoteGlobalIDString = 434A85952D535F27000C4AB5;
			remoteInfo = Nightingale;
		};
		434A85B12D535F29000C4AB5 /* PBXContainerItemProxy */ = {
			isa = PBXContainerItemProxy;
			containerPortal = 434A858E2D535F27000C4AB5 /* Project object */;
			proxyType = 1;
			remoteGlobalIDString = 434A85952D535F27000C4AB5;
			remoteInfo = Nightingale;
		};
/* End PBXContainerItemProxy section */

/* Begin PBXFileReference section */
		434A85962D535F27000C4AB5 /* Nightingale.app */ = {isa = PBXFileReference; explicitFileType = wrapper.application; includeInIndex = 0; path = Nightingale.app; sourceTree = BUILT_PRODUCTS_DIR; };
		434A85A62D535F29000C4AB5 /* NightingaleTests.xctest */ = {isa = PBXFileReference; explicitFileType = wrapper.cfbundle; includeInIndex = 0; path = NightingaleTests.xctest; sourceTree = BUILT_PRODUCTS_DIR; };
		434A85B02D535F29000C4AB5 /* NightingaleUITests.xctest */ = {isa = PBXFileReference; explicitFileType = wrapper.cfbundle; includeInIndex = 0; path = NightingaleUITests.xctest; sourceTree = BUILT_PRODUCTS_DIR; };
		434A86E22D5637EC000C4AB5 /* Info.plist */ = {isa = PBXFileReference; lastKnownFileType = text.plist.xml; path = Info.plist; sourceTree = "<group>"; };
		436B8ACA2EA0E259007E6706 /* Secrets.xcconfig */ = {isa = PBXFileReference; lastKnownFileType = text.xcconfig; path = Secrets.xcconfig; sourceTree = "<group>"; };
/* End PBXFileReference section */

/* Begin PBXFileSystemSynchronizedBuildFileExceptionSet section */
		434A870E2D57894D000C4AB5 /* Exceptions for "Nightingale" folder in "Nightingale" target */ = {
			isa = PBXFileSystemSynchronizedBuildFileExceptionSet;
			membershipExceptions = (
				Info.plist,
			);
			target = 434A85952D535F27000C4AB5 /* Nightingale */;
		};
/* End PBXFileSystemSynchronizedBuildFileExceptionSet section */

/* Begin PBXFileSystemSynchronizedRootGroup section */
		434A85982D535F27000C4AB5 /* Nightingale */ = {
			isa = PBXFileSystemSynchronizedRootGroup;
			exceptions = (
				434A870E2D57894D000C4AB5 /* Exceptions for "Nightingale" folder in "Nightingale" target */,
			);
			path = Nightingale;
			sourceTree = "<group>";
		};
		434A85A92D535F29000C4AB5 /* NightingaleTests */ = {
			isa = PBXFileSystemSynchronizedRootGroup;
			path = NightingaleTests;
			sourceTree = "<group>";
		};
		434A85B32D535F29000C4AB5 /* NightingaleUITests */ = {
			isa = PBXFileSystemSynchronizedRootGroup;
			path = NightingaleUITests;
			sourceTree = "<group>";
		};
/* End PBXFileSystemSynchronizedRootGroup section */

/* Begin PBXFrameworksBuildPhase section */
		434A85932D535F27000C4AB5 /* Frameworks */ = {
			isa = PBXFrameworksBuildPhase;
			buildActionMask = 2147483647;
			files = (
				43B13EFF2EC3798700949F4A /* FirebaseAILogic in Frameworks */,
				43B13ECB2EBDEC4F00949F4A /* SoundCloud in Frameworks */,
				43B13F052EC3798700949F4A /* FirebaseAnalyticsIdentitySupport in Frameworks */,
				436C9AEA2EF16B3800F8F366 /* FirebaseStorage in Frameworks */,
				43B13F032EC3798700949F4A /* FirebaseAnalyticsCore in Frameworks */,
				43E489E22EF0035E003EECEB /* AudioStreaming in Frameworks */,
				43B13F012EC3798700949F4A /* FirebaseAnalytics in Frameworks */,
				43A803702EF429BC0052958B /* FirebaseAuth in Frameworks */,
				436C9AE82EF16B3800F8F366 /* FirebaseDatabase in Frameworks */,
				436C9AE62EF16B3800F8F366 /* FirebaseCore in Frameworks */,
				43B13EFD2EC3798700949F4A /* FirebaseAI in Frameworks */,
			);
			runOnlyForDeploymentPostprocessing = 0;
		};
		434A85A32D535F29000C4AB5 /* Frameworks */ = {
			isa = PBXFrameworksBuildPhase;
			buildActionMask = 2147483647;
			files = (
			);
			runOnlyForDeploymentPostprocessing = 0;
		};
		434A85AD2D535F29000C4AB5 /* Frameworks */ = {
			isa = PBXFrameworksBuildPhase;
			buildActionMask = 2147483647;
			files = (
			);
			runOnlyForDeploymentPostprocessing = 0;
		};
/* End PBXFrameworksBuildPhase section */

/* Begin PBXGroup section */
		434A858D2D535F27000C4AB5 = {
			isa = PBXGroup;
			children = (
				436B8ACA2EA0E259007E6706 /* Secrets.xcconfig */,
				434A86E22D5637EC000C4AB5 /* Info.plist */,
				434A85982D535F27000C4AB5 /* Nightingale */,
				434A85A92D535F29000C4AB5 /* NightingaleTests */,
				434A85B32D535F29000C4AB5 /* NightingaleUITests */,
				434A85972D535F27000C4AB5 /* Products */,
			);
			sourceTree = "<group>";
		};
		434A85972D535F27000C4AB5 /* Products */ = {
			isa = PBXGroup;
			children = (
				434A85962D535F27000C4AB5 /* Nightingale.app */,
				434A85A62D535F29000C4AB5 /* NightingaleTests.xctest */,
				434A85B02D535F29000C4AB5 /* NightingaleUITests.xctest */,
			);
			name = Products;
			sourceTree = "<group>";
		};
/* End PBXGroup section */

/* Begin PBXNativeTarget section */
		434A85952D535F27000C4AB5 /* Nightingale */ = {
			isa = PBXNativeTarget;
			buildConfigurationList = 434A85BA2D535F29000C4AB5 /* Build configuration list for PBXNativeTarget "Nightingale" */;
			buildPhases = (
				434A85922D535F27000C4AB5 /* Sources */,
				434A85932D535F27000C4AB5 /* Frameworks */,
				434A85942D535F27000C4AB5 /* Resources */,
			);
			buildRules = (
			);
			dependencies = (
			);
			fileSystemSynchronizedGroups = (
				434A85982D535F27000C4AB5 /* Nightingale */,
			);
			name = Nightingale;
			packageProductDependencies = (
				43B13ECA2EBDEC4F00949F4A /* SoundCloud */,
				43B13EFC2EC3798700949F4A /* FirebaseAI */,
				43B13EFE2EC3798700949F4A /* FirebaseAILogic */,
				43B13F002EC3798700949F4A /* FirebaseAnalytics */,
				43B13F022EC3798700949F4A /* FirebaseAnalyticsCore */,
				43B13F042EC3798700949F4A /* FirebaseAnalyticsIdentitySupport */,
				43E489E12EF0035E003EECEB /* AudioStreaming */,
				436C9AE52EF16B3800F8F366 /* FirebaseCore */,
				436C9AE72EF16B3800F8F366 /* FirebaseDatabase */,
				436C9AE92EF16B3800F8F366 /* FirebaseStorage */,
				43A8036F2EF429BC0052958B /* FirebaseAuth */,
			);
			productName = Nightingale;
			productReference = 434A85962D535F27000C4AB5 /* Nightingale.app */;
			productType = "com.apple.product-type.application";
		};
		434A85A52D535F29000C4AB5 /* NightingaleTests */ = {
			isa = PBXNativeTarget;
			buildConfigurationList = 434A85BD2D535F29000C4AB5 /* Build configuration list for PBXNativeTarget "NightingaleTests" */;
			buildPhases = (
				434A85A22D535F29000C4AB5 /* Sources */,
				434A85A32D535F29000C4AB5 /* Frameworks */,
				434A85A42D535F29000C4AB5 /* Resources */,
			);
			buildRules = (
			);
			dependencies = (
				434A85A82D535F29000C4AB5 /* PBXTargetDependency */,
			);
			fileSystemSynchronizedGroups = (
				434A85A92D535F29000C4AB5 /* NightingaleTests */,
			);
			name = NightingaleTests;
			packageProductDependencies = (
			);
			productName = NightingaleTests;
			productReference = 434A85A62D535F29000C4AB5 /* NightingaleTests.xctest */;
			productType = "com.apple.product-type.bundle.unit-test";
		};
		434A85AF2D535F29000C4AB5 /* NightingaleUITests */ = {
			isa = PBXNativeTarget;
			buildConfigurationList = 434A85C02D535F29000C4AB5 /* Build configuration list for PBXNativeTarget "NightingaleUITests" */;
			buildPhases = (
				434A85AC2D535F29000C4AB5 /* Sources */,
				434A85AD2D535F29000C4AB5 /* Frameworks */,
				434A85AE2D535F29000C4AB5 /* Resources */,
			);
			buildRules = (
			);
			dependencies = (
				434A85B22D535F29000C4AB5 /* PBXTargetDependency */,
			);
			fileSystemSynchronizedGroups = (
				434A85B32D535F29000C4AB5 /* NightingaleUITests */,
			);
			name = NightingaleUITests;
			packageProductDependencies = (
			);
			productName = NightingaleUITests;
			productReference = 434A85B02D535F29000C4AB5 /* NightingaleUITests.xctest */;
			productType = "com.apple.product-type.bundle.ui-testing";
		};
/* End PBXNativeTarget section */

/* Begin PBXProject section */
		434A858E2D535F27000C4AB5 /* Project object */ = {
			isa = PBXProject;
			attributes = {
				BuildIndependentTargetsInParallel = 1;
				LastSwiftUpdateCheck = 1620;
				LastUpgradeCheck = 1620;
				TargetAttributes = {
					434A85952D535F27000C4AB5 = {
						CreatedOnToolsVersion = 16.2;
					};
					434A85A52D535F29000C4AB5 = {
						CreatedOnToolsVersion = 16.2;
						TestTargetID = 434A85952D535F27000C4AB5;
					};
					434A85AF2D535F29000C4AB5 = {
						CreatedOnToolsVersion = 16.2;
						TestTargetID = 434A85952D535F27000C4AB5;
					};
				};
			};
			buildConfigurationList = 434A85912D535F27000C4AB5 /* Build configuration list for PBXProject "Nightingale" */;
			developmentRegion = en;
			hasScannedForEncodings = 0;
			knownRegions = (
				en,
				Base,
			);
			mainGroup = 434A858D2D535F27000C4AB5;
			minimizedProjectReferenceProxies = 1;
			packageReferences = (
				43B13EC92EBDEC4F00949F4A /* XCRemoteSwiftPackageReference "SoundCloud-Swift" */,
				43B13EFB2EC3798700949F4A /* XCRemoteSwiftPackageReference "firebase-ios-sdk" */,
				43E489E02EF0035E003EECEB /* XCRemoteSwiftPackageReference "AudioStreaming" */,
			);
			preferredProjectObjectVersion = 77;
			productRefGroup = 434A85972D535F27000C4AB5 /* Products */;
			projectDirPath = "";
			projectRoot = "";
			targets = (
				434A85952D535F27000C4AB5 /* Nightingale */,
				434A85A52D535F29000C4AB5 /* NightingaleTests */,
				434A85AF2D535F29000C4AB5 /* NightingaleUITests */,
			);
		};
/* End PBXProject section */

/* Begin PBXResourcesBuildPhase section */
		434A85942D535F27000C4AB5 /* Resources */ = {
			isa = PBXResourcesBuildPhase;
			buildActionMask = 2147483647;
			files = (
				436B8ACB2EA0E259007E6706 /* Secrets.xcconfig in Resources */,
			);
			runOnlyForDeploymentPostprocessing = 0;
		};
		434A85A42D535F29000C4AB5 /* Resources */ = {
			isa = PBXResourcesBuildPhase;
			buildActionMask = 2147483647;
			files = (
			);
			runOnlyForDeploymentPostprocessing = 0;
		};
		434A85AE2D535F29000C4AB5 /* Resources */ = {
			isa = PBXResourcesBuildPhase;
			buildActionMask = 2147483647;
			files = (
			);
			runOnlyForDeploymentPostprocessing = 0;
		};
/* End PBXResourcesBuildPhase section */

/* Begin PBXSourcesBuildPhase section */
		434A85922D535F27000C4AB5 /* Sources */ = {
			isa = PBXSourcesBuildPhase;
			buildActionMask = 2147483647;
			files = (
			);
			runOnlyForDeploymentPostprocessing = 0;
		};
		434A85A22D535F29000C4AB5 /* Sources */ = {
			isa = PBXSourcesBuildPhase;
			buildActionMask = 2147483647;
			files = (
			);
			runOnlyForDeploymentPostprocessing = 0;
		};
		434A85AC2D535F29000C4AB5 /* Sources */ = {
			isa = PBXSourcesBuildPhase;
			buildActionMask = 2147483647;
			files = (
			);
			runOnlyForDeploymentPostprocessing = 0;
		};
/* End PBXSourcesBuildPhase section */

/* Begin PBXTargetDependency section */
		434A85A82D535F29000C4AB5 /* PBXTargetDependency */ = {
			isa = PBXTargetDependency;
			target = 434A85952D535F27000C4AB5 /* Nightingale */;
			targetProxy = 434A85A72D535F29000C4AB5 /* PBXContainerItemProxy */;
		};
		434A85B22D535F29000C4AB5 /* PBXTargetDependency */ = {
			isa = PBXTargetDependency;
			target = 434A85952D535F27000C4AB5 /* Nightingale */;
			targetProxy = 434A85B12D535F29000C4AB5 /* PBXContainerItemProxy */;
		};
/* End PBXTargetDependency section */

/* Begin XCBuildConfiguration section */
		434A85B82D535F29000C4AB5 /* Debug */ = {
			isa = XCBuildConfiguration;
			baseConfigurationReference = 436B8ACA2EA0E259007E6706 /* Secrets.xcconfig */;
			buildSettings = {
				ALWAYS_SEARCH_USER_PATHS = NO;
				ASSETCATALOG_COMPILER_GENERATE_SWIFT_ASSET_SYMBOL_EXTENSIONS = YES;
				CLANG_ANALYZER_NONNULL = YES;
				CLANG_ANALYZER_NUMBER_OBJECT_CONVERSION = YES_AGGRESSIVE;
				CLANG_CXX_LANGUAGE_STANDARD = "gnu++20";
				CLANG_ENABLE_MODULES = YES;
				CLANG_ENABLE_OBJC_ARC = YES;
				CLANG_ENABLE_OBJC_WEAK = YES;
				CLANG_WARN_BLOCK_CAPTURE_AUTORELEASING = YES;
				CLANG_WARN_BOOL_CONVERSION = YES;
				CLANG_WARN_COMMA = YES;
				CLANG_WARN_CONSTANT_CONVERSION = YES;
				CLANG_WARN_DEPRECATED_OBJC_IMPLEMENTATIONS = YES;
				CLANG_WARN_DIRECT_OBJC_ISA_USAGE = YES_ERROR;
				CLANG_WARN_DOCUMENTATION_COMMENTS = YES;
				CLANG_WARN_EMPTY_BODY = YES;
				CLANG_WARN_ENUM_CONVERSION = YES;
				CLANG_WARN_INFINITE_RECURSION = YES;
				CLANG_WARN_INT_CONVERSION = YES;
				CLANG_WARN_NON_LITERAL_NULL_CONVERSION = YES;
				CLANG_WARN_OBJC_IMPLICIT_RETAIN_SELF = YES;
				CLANG_WARN_OBJC_LITERAL_CONVERSION = YES;
				CLANG_WARN_OBJC_ROOT_CLASS = YES_ERROR;
				CLANG_WARN_QUOTED_INCLUDE_IN_FRAMEWORK_HEADER = YES;
				CLANG_WARN_RANGE_LOOP_ANALYSIS = YES;
				CLANG_WARN_STRICT_PROTOTYPES = YES;
				CLANG_WARN_SUSPICIOUS_MOVE = YES;
				CLANG_WARN_UNGUARDED_AVAILABILITY = YES_AGGRESSIVE;
				CLANG_WARN_UNREACHABLE_CODE = YES;
				CLANG_WARN__DUPLICATE_METHOD_MATCH = YES;
				COPY_PHASE_STRIP = NO;
				DEBUG_INFORMATION_FORMAT = dwarf;
				ENABLE_STRICT_OBJC_MSGSEND = YES;
				ENABLE_TESTABILITY = YES;
				ENABLE_USER_SCRIPT_SANDBOXING = YES;
				GCC_C_LANGUAGE_STANDARD = gnu17;
				GCC_DYNAMIC_NO_PIC = NO;
				GCC_NO_COMMON_BLOCKS = YES;
				GCC_OPTIMIZATION_LEVEL = 0;
				GCC_PREPROCESSOR_DEFINITIONS = (
					"DEBUG=1",
					"$(inherited)",
				);
				GCC_WARN_64_TO_32_BIT_CONVERSION = YES;
				GCC_WARN_ABOUT_RETURN_TYPE = YES_ERROR;
				GCC_WARN_UNDECLARED_SELECTOR = YES;
				GCC_WARN_UNINITIALIZED_AUTOS = YES_AGGRESSIVE;
				GCC_WARN_UNUSED_FUNCTION = YES;
				GCC_WARN_UNUSED_VARIABLE = YES;
				INFOPLIST_KEY_REDIRECT_URI = "nightingale://callback";
				IPHONEOS_DEPLOYMENT_TARGET = 18.2;
				LOCALIZATION_PREFERS_STRING_CATALOGS = YES;
				MTL_ENABLE_DEBUG_INFO = INCLUDE_SOURCE;
				MTL_FAST_MATH = YES;
				ONLY_ACTIVE_ARCH = YES;
				SDKROOT = iphoneos;
				SWIFT_ACTIVE_COMPILATION_CONDITIONS = "DEBUG $(inherited)";
				SWIFT_OPTIMIZATION_LEVEL = "-Onone";
			};
			name = Debug;
		};
		434A85B92D535F29000C4AB5 /* Release */ = {
			isa = XCBuildConfiguration;
			baseConfigurationReference = 436B8ACA2EA0E259007E6706 /* Secrets.xcconfig */;
			buildSettings = {
				ALWAYS_SEARCH_USER_PATHS = NO;
				ASSETCATALOG_COMPILER_GENERATE_SWIFT_ASSET_SYMBOL_EXTENSIONS = YES;
				CLANG_ANALYZER_NONNULL = YES;
				CLANG_ANALYZER_NUMBER_OBJECT_CONVERSION = YES_AGGRESSIVE;
				CLANG_CXX_LANGUAGE_STANDARD = "gnu++20";
				CLANG_ENABLE_MODULES = YES;
				CLANG_ENABLE_OBJC_ARC = YES;
				CLANG_ENABLE_OBJC_WEAK = YES;
				CLANG_WARN_BLOCK_CAPTURE_AUTORELEASING = YES;
				CLANG_WARN_BOOL_CONVERSION = YES;
				CLANG_WARN_COMMA = YES;
				CLANG_WARN_CONSTANT_CONVERSION = YES;
				CLANG_WARN_DEPRECATED_OBJC_IMPLEMENTATIONS = YES;
				CLANG_WARN_DIRECT_OBJC_ISA_USAGE = YES_ERROR;
				CLANG_WARN_DOCUMENTATION_COMMENTS = YES;
				CLANG_WARN_EMPTY_BODY = YES;
				CLANG_WARN_ENUM_CONVERSION = YES;
				CLANG_WARN_INFINITE_RECURSION = YES;
				CLANG_WARN_INT_CONVERSION = YES;
				CLANG_WARN_NON_LITERAL_NULL_CONVERSION = YES;
				CLANG_WARN_OBJC_IMPLICIT_RETAIN_SELF = YES;
				CLANG_WARN_OBJC_LITERAL_CONVERSION = YES;
				CLANG_WARN_OBJC_ROOT_CLASS = YES_ERROR;
				CLANG_WARN_QUOTED_INCLUDE_IN_FRAMEWORK_HEADER = YES;
				CLANG_WARN_RANGE_LOOP_ANALYSIS = YES;
				CLANG_WARN_STRICT_PROTOTYPES = YES;
				CLANG_WARN_SUSPICIOUS_MOVE = YES;
				CLANG_WARN_UNGUARDED_AVAILABILITY = YES_AGGRESSIVE;
				CLANG_WARN_UNREACHABLE_CODE = YES;
				CLANG_WARN__DUPLICATE_METHOD_MATCH = YES;
				COPY_PHASE_STRIP = NO;
				DEBUG_INFORMATION_FORMAT = "dwarf-with-dsym";
				ENABLE_NS_ASSERTIONS = NO;
				ENABLE_STRICT_OBJC_MSGSEND = YES;
				ENABLE_USER_SCRIPT_SANDBOXING = YES;
				GCC_C_LANGUAGE_STANDARD = gnu17;
				GCC_NO_COMMON_BLOCKS = YES;
				GCC_WARN_64_TO_32_BIT_CONVERSION = YES;
				GCC_WARN_ABOUT_RETURN_TYPE = YES_ERROR;
				GCC_WARN_UNDECLARED_SELECTOR = YES;
				GCC_WARN_UNINITIALIZED_AUTOS = YES_AGGRESSIVE;
				GCC_WARN_UNUSED_FUNCTION = YES;
				GCC_WARN_UNUSED_VARIABLE = YES;
				INFOPLIST_KEY_REDIRECT_URI = "nightingale://callback";
				IPHONEOS_DEPLOYMENT_TARGET = 18.2;
				LOCALIZATION_PREFERS_STRING_CATALOGS = YES;
				MTL_ENABLE_DEBUG_INFO = NO;
				MTL_FAST_MATH = YES;
				SDKROOT = iphoneos;
				SWIFT_COMPILATION_MODE = wholemodule;
				VALIDATE_PRODUCT = YES;
			};
			name = Release;
		};
		434A85BB2D535F29000C4AB5 /* Debug */ = {
			isa = XCBuildConfiguration;
			baseConfigurationReference = 436B8ACA2EA0E259007E6706 /* Secrets.xcconfig */;
			buildSettings = {
				ASSETCATALOG_COMPILER_APPICON_NAME = AppIcon;
				ASSETCATALOG_COMPILER_GLOBAL_ACCENT_COLOR_NAME = AccentColor;
				CODE_SIGN_STYLE = Automatic;
				CURRENT_PROJECT_VERSION = 1;
				DEVELOPMENT_ASSET_PATHS = "\"Nightingale/Preview Content\"";
				DEVELOPMENT_TEAM = RQ5QCPF6Z2;
				ENABLE_PREVIEWS = YES;
				GENERATE_INFOPLIST_FILE = YES;
				INFOPLIST_FILE = Nightingale/Info.plist;
				INFOPLIST_KEY_CFBundleDisplayName = "";
				INFOPLIST_KEY_LSApplicationCategoryType = "";
				INFOPLIST_KEY_UIApplicationSceneManifest_Generation = YES;
				INFOPLIST_KEY_UIApplicationSupportsIndirectInputEvents = YES;
				INFOPLIST_KEY_UILaunchScreen_Generation = YES;
				INFOPLIST_KEY_UISupportedInterfaceOrientations_iPad = "UIInterfaceOrientationPortrait UIInterfaceOrientationPortraitUpsideDown UIInterfaceOrientationLandscapeLeft UIInterfaceOrientationLandscapeRight";
				INFOPLIST_KEY_UISupportedInterfaceOrientations_iPhone = "UIInterfaceOrientationPortrait UIInterfaceOrientationLandscapeLeft UIInterfaceOrientationLandscapeRight";
				LD_RUNPATH_SEARCH_PATHS = (
					"$(inherited)",
					"@executable_path/Frameworks",
				);
				MARKETING_VERSION = 1.0;
				PRODUCT_BUNDLE_IDENTIFIER = sm.Nightingale;
				PRODUCT_NAME = "$(TARGET_NAME)";
				REDIRECT_URI = "nightingale://callback";
				SWIFT_EMIT_LOC_STRINGS = YES;
				SWIFT_VERSION = 5.0;
				TARGETED_DEVICE_FAMILY = "1,2";
			};
			name = Debug;
		};
		434A85BC2D535F29000C4AB5 /* Release */ = {
			isa = XCBuildConfiguration;
			baseConfigurationReference = 436B8ACA2EA0E259007E6706 /* Secrets.xcconfig */;
			buildSettings = {
				ASSETCATALOG_COMPILER_APPICON_NAME = AppIcon;
				ASSETCATALOG_COMPILER_GLOBAL_ACCENT_COLOR_NAME = AccentColor;
				CODE_SIGN_STYLE = Automatic;
				CURRENT_PROJECT_VERSION = 1;
				DEVELOPMENT_ASSET_PATHS = "\"Nightingale/Preview Content\"";
				DEVELOPMENT_TEAM = RQ5QCPF6Z2;
				ENABLE_PREVIEWS = YES;
				GENERATE_INFOPLIST_FILE = YES;
				INFOPLIST_FILE = Nightingale/Info.plist;
				INFOPLIST_KEY_CFBundleDisplayName = "";
				INFOPLIST_KEY_LSApplicationCategoryType = "";
				INFOPLIST_KEY_UIApplicationSceneManifest_Generation = YES;
				INFOPLIST_KEY_UIApplicationSupportsIndirectInputEvents = YES;
				INFOPLIST_KEY_UILaunchScreen_Generation = YES;
				INFOPLIST_KEY_UISupportedInterfaceOrientations_iPad = "UIInterfaceOrientationPortrait UIInterfaceOrientationPortraitUpsideDown UIInterfaceOrientationLandscapeLeft UIInterfaceOrientationLandscapeRight";
				INFOPLIST_KEY_UISupportedInterfaceOrientations_iPhone = "UIInterfaceOrientationPortrait UIInterfaceOrientationLandscapeLeft UIInterfaceOrientationLandscapeRight";
				LD_RUNPATH_SEARCH_PATHS = (
					"$(inherited)",
					"@executable_path/Frameworks",
				);
				MARKETING_VERSION = 1.0;
				PRODUCT_BUNDLE_IDENTIFIER = sm.nightingale;
				PRODUCT_NAME = "$(TARGET_NAME)";
				REDIRECT_URI = "nightingale://callback";
				SWIFT_EMIT_LOC_STRINGS = YES;
				SWIFT_VERSION = 5.0;
				TARGETED_DEVICE_FAMILY = "1,2";
			};
			name = Release;
		};
		434A85BE2D535F29000C4AB5 /* Debug */ = {
			isa = XCBuildConfiguration;
			buildSettings = {
				BUNDLE_LOADER = "$(TEST_HOST)";
				CODE_SIGN_STYLE = Automatic;
				CURRENT_PROJECT_VERSION = 1;
				DEVELOPMENT_TEAM = 85ZGA22U5R;
				GENERATE_INFOPLIST_FILE = YES;
				IPHONEOS_DEPLOYMENT_TARGET = 18.2;
				MARKETING_VERSION = 1.0;
				PRODUCT_BUNDLE_IDENTIFIER = myhre.NightingaleTests;
				PRODUCT_NAME = "$(TARGET_NAME)";
				SWIFT_EMIT_LOC_STRINGS = NO;
				SWIFT_VERSION = 5.0;
				TARGETED_DEVICE_FAMILY = "1,2";
				TEST_HOST = "$(BUILT_PRODUCTS_DIR)/Nightingale.app/$(BUNDLE_EXECUTABLE_FOLDER_PATH)/Nightingale";
			};
			name = Debug;
		};
		434A85BF2D535F29000C4AB5 /* Release */ = {
			isa = XCBuildConfiguration;
			buildSettings = {
				BUNDLE_LOADER = "$(TEST_HOST)";
				CODE_SIGN_STYLE = Automatic;
				CURRENT_PROJECT_VERSION = 1;
				DEVELOPMENT_TEAM = 85ZGA22U5R;
				GENERATE_INFOPLIST_FILE = YES;
				IPHONEOS_DEPLOYMENT_TARGET = 18.2;
				MARKETING_VERSION = 1.0;
				PRODUCT_BUNDLE_IDENTIFIER = myhre.NightingaleTests;
				PRODUCT_NAME = "$(TARGET_NAME)";
				SWIFT_EMIT_LOC_STRINGS = NO;
				SWIFT_VERSION = 5.0;
				TARGETED_DEVICE_FAMILY = "1,2";
				TEST_HOST = "$(BUILT_PRODUCTS_DIR)/Nightingale.app/$(BUNDLE_EXECUTABLE_FOLDER_PATH)/Nightingale";
			};
			name = Release;
		};
		434A85C12D535F29000C4AB5 /* Debug */ = {
			isa = XCBuildConfiguration;
			buildSettings = {
				CODE_SIGN_STYLE = Automatic;
				CURRENT_PROJECT_VERSION = 1;
				DEVELOPMENT_TEAM = 85ZGA22U5R;
				GENERATE_INFOPLIST_FILE = YES;
				MARKETING_VERSION = 1.0;
				PRODUCT_BUNDLE_IDENTIFIER = myhre.NightingaleUITests;
				PRODUCT_NAME = "$(TARGET_NAME)";
				SWIFT_EMIT_LOC_STRINGS = NO;
				SWIFT_VERSION = 5.0;
				TARGETED_DEVICE_FAMILY = "1,2";
				TEST_TARGET_NAME = Nightingale;
			};
			name = Debug;
		};
		434A85C22D535F29000C4AB5 /* Release */ = {
			isa = XCBuildConfiguration;
			buildSettings = {
				CODE_SIGN_STYLE = Automatic;
				CURRENT_PROJECT_VERSION = 1;
				DEVELOPMENT_TEAM = 85ZGA22U5R;
				GENERATE_INFOPLIST_FILE = YES;
				MARKETING_VERSION = 1.0;
				PRODUCT_BUNDLE_IDENTIFIER = myhre.NightingaleUITests;
				PRODUCT_NAME = "$(TARGET_NAME)";
				SWIFT_EMIT_LOC_STRINGS = NO;
				SWIFT_VERSION = 5.0;
				TARGETED_DEVICE_FAMILY = "1,2";
				TEST_TARGET_NAME = Nightingale;
			};
			name = Release;
		};
/* End XCBuildConfiguration section */

/* Begin XCConfigurationList section */
		434A85912D535F27000C4AB5 /* Build configuration list for PBXProject "Nightingale" */ = {
			isa = XCConfigurationList;
			buildConfigurations = (
				434A85B82D535F29000C4AB5 /* Debug */,
				434A85B92D535F29000C4AB5 /* Release */,
			);
			defaultConfigurationIsVisible = 0;
			defaultConfigurationName = Release;
		};
		434A85BA2D535F29000C4AB5 /* Build configuration list for PBXNativeTarget "Nightingale" */ = {
			isa = XCConfigurationList;
			buildConfigurations = (
				434A85BB2D535F29000C4AB5 /* Debug */,
				434A85BC2D535F29000C4AB5 /* Release */,
			);
			defaultConfigurationIsVisible = 0;
			defaultConfigurationName = Release;
		};
		434A85BD2D535F29000C4AB5 /* Build configuration list for PBXNativeTarget "NightingaleTests" */ = {
			isa = XCConfigurationList;
			buildConfigurations = (
				434A85BE2D535F29000C4AB5 /* Debug */,
				434A85BF2D535F29000C4AB5 /* Release */,
			);
			defaultConfigurationIsVisible = 0;
			defaultConfigurationName = Release;
		};
		434A85C02D535F29000C4AB5 /* Build configuration list for PBXNativeTarget "NightingaleUITests" */ = {
			isa = XCConfigurationList;
			buildConfigurations = (
				434A85C12D535F29000C4AB5 /* Debug */,
				434A85C22D535F29000C4AB5 /* Release */,
			);
			defaultConfigurationIsVisible = 0;
			defaultConfigurationName = Release;
		};
/* End XCConfigurationList section */

/* Begin XCRemoteSwiftPackageReference section */
		43B13EC92EBDEC4F00949F4A /* XCRemoteSwiftPackageReference "SoundCloud-Swift" */ = {
			isa = XCRemoteSwiftPackageReference;
			repositoryURL = "https://github.com/superturboryan/SoundCloud-Swift/";
			requirement = {
				kind = upToNextMajorVersion;
				minimumVersion = 2.0.0;
			};
		};
		43B13EFB2EC3798700949F4A /* XCRemoteSwiftPackageReference "firebase-ios-sdk" */ = {
			isa = XCRemoteSwiftPackageReference;
			repositoryURL = "https://github.com/firebase/firebase-ios-sdk";
			requirement = {
				kind = upToNextMajorVersion;
				minimumVersion = 12.5.0;
			};
		};
		43E489E02EF0035E003EECEB /* XCRemoteSwiftPackageReference "AudioStreaming" */ = {
			isa = XCRemoteSwiftPackageReference;
			repositoryURL = "https://github.com/dimitris-c/AudioStreaming.git";
			requirement = {
				kind = upToNextMajorVersion;
				minimumVersion = 1.4.3;
			};
		};
/* End XCRemoteSwiftPackageReference section */

/* Begin XCSwiftPackageProductDependency section */
		436C9AE52EF16B3800F8F366 /* FirebaseCore */ = {
			isa = XCSwiftPackageProductDependency;
			package = 43B13EFB2EC3798700949F4A /* XCRemoteSwiftPackageReference "firebase-ios-sdk" */;
			productName = FirebaseCore;
		};
		436C9AE72EF16B3800F8F366 /* FirebaseDatabase */ = {
			isa = XCSwiftPackageProductDependency;
			package = 43B13EFB2EC3798700949F4A /* XCRemoteSwiftPackageReference "firebase-ios-sdk" */;
			productName = FirebaseDatabase;
		};
		436C9AE92EF16B3800F8F366 /* FirebaseStorage */ = {
			isa = XCSwiftPackageProductDependency;
			package = 43B13EFB2EC3798700949F4A /* XCRemoteSwiftPackageReference "firebase-ios-sdk" */;
			productName = FirebaseStorage;
		};
		43A8036F2EF429BC0052958B /* FirebaseAuth */ = {
			isa = XCSwiftPackageProductDependency;
			package = 43B13EFB2EC3798700949F4A /* XCRemoteSwiftPackageReference "firebase-ios-sdk" */;
			productName = FirebaseAuth;
		};
		43B13ECA2EBDEC4F00949F4A /* SoundCloud */ = {
			isa = XCSwiftPackageProductDependency;
			package = 43B13EC92EBDEC4F00949F4A /* XCRemoteSwiftPackageReference "SoundCloud-Swift" */;
			productName = SoundCloud;
		};
		43B13EFC2EC3798700949F4A /* FirebaseAI */ = {
			isa = XCSwiftPackageProductDependency;
			package = 43B13EFB2EC3798700949F4A /* XCRemoteSwiftPackageReference "firebase-ios-sdk" */;
			productName = FirebaseAI;
		};
		43B13EFE2EC3798700949F4A /* FirebaseAILogic */ = {
			isa = XCSwiftPackageProductDependency;
			package = 43B13EFB2EC3798700949F4A /* XCRemoteSwiftPackageReference "firebase-ios-sdk" */;
			productName = FirebaseAILogic;
		};
		43B13F002EC3798700949F4A /* FirebaseAnalytics */ = {
			isa = XCSwiftPackageProductDependency;
			package = 43B13EFB2EC3798700949F4A /* XCRemoteSwiftPackageReference "firebase-ios-sdk" */;
			productName = FirebaseAnalytics;
		};
		43B13F022EC3798700949F4A /* FirebaseAnalyticsCore */ = {
			isa = XCSwiftPackageProductDependency;
			package = 43B13EFB2EC3798700949F4A /* XCRemoteSwiftPackageReference "firebase-ios-sdk" */;
			productName = FirebaseAnalyticsCore;
		};
		43B13F042EC3798700949F4A /* FirebaseAnalyticsIdentitySupport */ = {
			isa = XCSwiftPackageProductDependency;
			package = 43B13EFB2EC3798700949F4A /* XCRemoteSwiftPackageReference "firebase-ios-sdk" */;
			productName = FirebaseAnalyticsIdentitySupport;
		};
		43E489E12EF0035E003EECEB /* AudioStreaming */ = {
			isa = XCSwiftPackageProductDependency;
			package = 43E489E02EF0035E003EECEB /* XCRemoteSwiftPackageReference "AudioStreaming" */;
			productName = AudioStreaming;
		};
/* End XCSwiftPackageProductDependency section */
	};
	rootObject = 434A858E2D535F27000C4AB5 /* Project object */;
}
